
Microsoft Visual Studio Solution File, Format Version 12.00
# Visual Studio Version 17
VisualStudioVersion = 17.7.34031.279
MinimumVisualStudioVersion = 10.0.40219.1
Project("{8BC9CEB8-8B4A-11D0-8D11-00A0C91BC942}") = "laboration_6.1", "laboration_6.1.vcxproj", "{05C4AEBD-3EAD-40EE-8DAB-2FA2C2ABEB15}"
EndProject
Project("{8BC9CEB8-8B4A-11D0-8D11-00A0C91BC942}") = "UnitTest_6.1", "..\UnitTest_6.1\UnitTest_6.1.vcxproj", "{A9C3BC84-8C43-4092-819B-A942FD3DEF4B}"
EndProject
Global
	GlobalSection(SolutionConfigurationPlatforms) = preSolution
		Debug|x64 = Debug|x64
		Debug|x86 = Debug|x86
		Release|x64 = Release|x64
		Release|x86 = Release|x86
	EndGlobalSection
	GlobalSection(ProjectConfigurationPlatforms) = postSolution
		{05C4AEBD-3EAD-40EE-8DAB-2FA2C2ABEB15}.Debug|x64.ActiveCfg = Debug|x64
		{05C4AEBD-3EAD-40EE-8DAB-2FA2C2ABEB15}.Debug|x64.Build.0 = Debug|x64
		{05C4AEBD-3EAD-40EE-8DAB-2FA2C2ABEB15}.Debug|x86.ActiveCfg = Debug|Win32
		{05C4AEBD-3EAD-40EE-8DAB-2FA2C2ABEB15}.Debug|x86.Build.0 = Debug|Win32
		{05C4AEBD-3EAD-40EE-8DAB-2FA2C2ABEB15}.Release|x64.ActiveCfg = Release|x64
		{05C4AEBD-3EAD-40EE-8DAB-2FA2C2ABEB15}.Release|x64.Build.0 = Release|x64
		{05C4AEBD-3EAD-40EE-8DAB-2FA2C2ABEB15}.Release|x86.ActiveCfg = Release|Win32
		{05C4AEBD-3EAD-40EE-8DAB-2FA2C2ABEB15}.Release|x86.Build.0 = Release|Win32
		{A9C3BC84-8C43-4092-819B-A942FD3DEF4B}.Debug|x64.ActiveCfg = Debug|x64
		{A9C3BC84-8C43-4092-819B-A942FD3DEF4B}.Debug|x64.Build.0 = Debug|x64
		{A9C3BC84-8C43-4092-819B-A942FD3DEF4B}.Debug|x86.ActiveCfg = Debug|Win32
		{A9C3BC84-8C43-4092-819B-A942FD3DEF4B}.Debug|x86.Build.0 = Debug|Win32
		{A9C3BC84-8C43-4092-819B-A942FD3DEF4B}.Release|x64.ActiveCfg = Release|x64
		{A9C3BC84-8C43-4092-819B-A942FD3DEF4B}.Release|x64.Build.0 = Release|x64
		{A9C3BC84-8C43-4092-819B-A942FD3DEF4B}.Release|x86.ActiveCfg = Release|Win32
		{A9C3BC84-8C43-4092-819B-A942FD3DEF4B}.Release|x86.Build.0 = Release|Win32
	EndGlobalSection
	GlobalSection(SolutionProperties) = preSolution
		HideSolutionNode = FALSE
	EndGlobalSection
	GlobalSection(ExtensibilityGlobals) = postSolution
		SolutionGuid = {4671FD4C-1FE9-44F9-9DBD-C989A68529B2}
	EndGlobalSection
EndGlobal
